
Microsoft Visual Studio Solution File, Format Version 12.00
# Visual Studio Version 17
VisualStudioVersion = 17.0.32014.148
MinimumVisualStudioVersion = 10.0.40219.1
Project("{FAE04EC0-301F-11D3-BF4B-00C04F79EFBC}") = "CapeOpenThermoLib", "NeqSimCapeOpen\CapeOpenThermoLib.csproj", "{51856C94-2811-4175-9D84-B221AD786B2C}"
	ProjectSection(ProjectDependencies) = postProject
		{658BF43C-1523-4315-B58A-4E4F15D15818} = {658BF43C-1523-4315-B58A-4E4F15D15818}
	EndProjectSection
EndProject
Project("{FAE04EC0-301F-11D3-BF4B-00C04F79EFBC}") = "NeqSim.NET", "NeqSimNET\NeqSim.NET.csproj", "{658BF43C-1523-4315-B58A-4E4F15D15818}"
EndProject
Project("{FAE04EC0-301F-11D3-BF4B-00C04F79EFBC}") = "NeqSimExcel", "NeqSimExcel\NeqSimExcel.csproj", "{F9DCF507-D12A-4DC9-A4E5-A338629A42E7}"
	ProjectSection(ProjectDependencies) = postProject
		{658BF43C-1523-4315-B58A-4E4F15D15818} = {658BF43C-1523-4315-B58A-4E4F15D15818}
	EndProjectSection
EndProject
Project("{FAE04EC0-301F-11D3-BF4B-00C04F79EFBC}") = "CapeOpenUnitOperations", "CapeOpenUnitOperations\CapeOpenUnitOperations.csproj", "{A0EBB07A-9564-4C3A-A7E5-72D6708D26E6}"
EndProject
Project("{FAE04EC0-301F-11D3-BF4B-00C04F79EFBC}") = "NeqSimRegistration", "NeqSimRegistration\NeqSimRegistration.csproj", "{E95B7D43-F189-4B34-8B06-490CCB254A24}"
EndProject
Project("{54435603-DBB4-11D2-8724-00A0C9A8B90C}") = "NeqSimInstaller", "NeqSimInstaller\NeqSim2.0.6.vdproj", "{3BFABF32-0B84-45E6-9413-1DFFC11EAF06}"
EndProject
Global
	GlobalSection(SolutionConfigurationPlatforms) = preSolution
		Debug|Any CPU = Debug|Any CPU
		Debug|x86 = Debug|x86
		Release|Any CPU = Release|Any CPU
		Release|x86 = Release|x86
	EndGlobalSection
	GlobalSection(ProjectConfigurationPlatforms) = postSolution
		{51856C94-2811-4175-9D84-B221AD786B2C}.Debug|Any CPU.ActiveCfg = Debug|Any CPU
		{51856C94-2811-4175-9D84-B221AD786B2C}.Debug|Any CPU.Build.0 = Debug|Any CPU
		{51856C94-2811-4175-9D84-B221AD786B2C}.Debug|x86.ActiveCfg = Debug|x86
		{51856C94-2811-4175-9D84-B221AD786B2C}.Debug|x86.Build.0 = Debug|x86
		{51856C94-2811-4175-9D84-B221AD786B2C}.Release|Any CPU.ActiveCfg = Debug|Any CPU
		{51856C94-2811-4175-9D84-B221AD786B2C}.Release|Any CPU.Build.0 = Debug|Any CPU
		{51856C94-2811-4175-9D84-B221AD786B2C}.Release|x86.ActiveCfg = Release|x86
		{51856C94-2811-4175-9D84-B221AD786B2C}.Release|x86.Build.0 = Release|x86
		{658BF43C-1523-4315-B58A-4E4F15D15818}.Debug|Any CPU.ActiveCfg = Debug|Any CPU
		{658BF43C-1523-4315-B58A-4E4F15D15818}.Debug|Any CPU.Build.0 = Debug|Any CPU
		{658BF43C-1523-4315-B58A-4E4F15D15818}.Debug|x86.ActiveCfg = Debug|x86
		{658BF43C-1523-4315-B58A-4E4F15D15818}.Debug|x86.Build.0 = Debug|x86
		{658BF43C-1523-4315-B58A-4E4F15D15818}.Release|Any CPU.ActiveCfg = Debug|Any CPU
		{658BF43C-1523-4315-B58A-4E4F15D15818}.Release|Any CPU.Build.0 = Debug|Any CPU
		{658BF43C-1523-4315-B58A-4E4F15D15818}.Release|x86.ActiveCfg = Release|x86
		{658BF43C-1523-4315-B58A-4E4F15D15818}.Release|x86.Build.0 = Release|x86
		{F9DCF507-D12A-4DC9-A4E5-A338629A42E7}.Debug|Any CPU.ActiveCfg = Debug|Any CPU
		{F9DCF507-D12A-4DC9-A4E5-A338629A42E7}.Debug|Any CPU.Build.0 = Debug|Any CPU
		{F9DCF507-D12A-4DC9-A4E5-A338629A42E7}.Debug|x86.ActiveCfg = Debug|x86
		{F9DCF507-D12A-4DC9-A4E5-A338629A42E7}.Debug|x86.Build.0 = Debug|x86
		{F9DCF507-D12A-4DC9-A4E5-A338629A42E7}.Release|Any CPU.ActiveCfg = Debug|Any CPU
		{F9DCF507-D12A-4DC9-A4E5-A338629A42E7}.Release|x86.ActiveCfg = Release|x86
		{F9DCF507-D12A-4DC9-A4E5-A338629A42E7}.Release|x86.Build.0 = Release|x86
		{A0EBB07A-9564-4C3A-A7E5-72D6708D26E6}.Debug|Any CPU.ActiveCfg = Debug|Any CPU
		{A0EBB07A-9564-4C3A-A7E5-72D6708D26E6}.Debug|Any CPU.Build.0 = Debug|Any CPU
		{A0EBB07A-9564-4C3A-A7E5-72D6708D26E6}.Debug|x86.ActiveCfg = Debug|x86
		{A0EBB07A-9564-4C3A-A7E5-72D6708D26E6}.Debug|x86.Build.0 = Debug|x86
		{A0EBB07A-9564-4C3A-A7E5-72D6708D26E6}.Release|Any CPU.ActiveCfg = Debug|Any CPU
		{A0EBB07A-9564-4C3A-A7E5-72D6708D26E6}.Release|Any CPU.Build.0 = Debug|Any CPU
		{A0EBB07A-9564-4C3A-A7E5-72D6708D26E6}.Release|x86.ActiveCfg = Release|x86
		{A0EBB07A-9564-4C3A-A7E5-72D6708D26E6}.Release|x86.Build.0 = Release|x86
		{E95B7D43-F189-4B34-8B06-490CCB254A24}.Debug|Any CPU.ActiveCfg = Debug|Any CPU
		{E95B7D43-F189-4B34-8B06-490CCB254A24}.Debug|Any CPU.Build.0 = Debug|Any CPU
		{E95B7D43-F189-4B34-8B06-490CCB254A24}.Debug|x86.ActiveCfg = Debug|x86
		{E95B7D43-F189-4B34-8B06-490CCB254A24}.Debug|x86.Build.0 = Debug|x86
		{E95B7D43-F189-4B34-8B06-490CCB254A24}.Release|Any CPU.ActiveCfg = Debug|Any CPU
		{E95B7D43-F189-4B34-8B06-490CCB254A24}.Release|Any CPU.Build.0 = Debug|Any CPU
		{E95B7D43-F189-4B34-8B06-490CCB254A24}.Release|x86.ActiveCfg = Release|x86
		{E95B7D43-F189-4B34-8B06-490CCB254A24}.Release|x86.Build.0 = Release|x86
		{3BFABF32-0B84-45E6-9413-1DFFC11EAF06}.Debug|Any CPU.ActiveCfg = Debug
		{3BFABF32-0B84-45E6-9413-1DFFC11EAF06}.Debug|x86.ActiveCfg = Debug
		{3BFABF32-0B84-45E6-9413-1DFFC11EAF06}.Release|Any CPU.ActiveCfg = Release
		{3BFABF32-0B84-45E6-9413-1DFFC11EAF06}.Release|x86.ActiveCfg = Release
	EndGlobalSection
	GlobalSection(SolutionProperties) = preSolution
		HideSolutionNode = FALSE
	EndGlobalSection
	GlobalSection(ExtensibilityGlobals) = postSolution
		SolutionGuid = {2C454A65-DCFF-4B48-AAA9-847C15FA7741}
	EndGlobalSection
EndGlobal
